// !$*UTF8*$!
{
	archiveVersion = 1;
	classes = {
	};
	objectVersion = 50;
	objects = {

/* Begin PBXBuildFile section */
		D165984220CDAA2600F24BC9 /* AppDelegate.swift in Sources */ = {isa = PBXBuildFile; fileRef = D165984120CDAA2600F24BC9 /* AppDelegate.swift */; };
		D165984420CDAA2600F24BC9 /* ViewController.swift in Sources */ = {isa = PBXBuildFile; fileRef = D165984320CDAA2600F24BC9 /* ViewController.swift */; };
		D165984720CDAA2600F24BC9 /* Main.storyboard in Resources */ = {isa = PBXBuildFile; fileRef = D165984520CDAA2600F24BC9 /* Main.storyboard */; };
		D165984920CDAA2700F24BC9 /* Assets.xcassets in Resources */ = {isa = PBXBuildFile; fileRef = D165984820CDAA2700F24BC9 /* Assets.xcassets */; };
		D165984C20CDAA2700F24BC9 /* LaunchScreen.storyboard in Resources */ = {isa = PBXBuildFile; fileRef = D165984A20CDAA2700F24BC9 /* LaunchScreen.storyboard */; };
/* End PBXBuildFile section */

/* Begin PBXFileReference section */
		D165983E20CDAA2600F24BC9 /* Moody_Updated.app */ = {isa = PBXFileReference; explicitFileType = wrapper.application; includeInIndex = 0; path = Moody_Updated.app; sourceTree = BUILT_PRODUCTS_DIR; };
		D165984120CDAA2600F24BC9 /* AppDelegate.swift */ = {isa = PBXFileReference; lastKnownFileType = sourcecode.swift; path = AppDelegate.swift; sourceTree = "<group>"; };
		D165984320CDAA2600F24BC9 /* ViewController.swift */ = {isa = PBXFileReference; lastKnownFileType = sourcecode.swift; path = ViewController.swift; sourceTree = "<group>"; };
		D165984620CDAA2600F24BC9 /* Base */ = {isa = PBXFileReference; lastKnownFileType = file.storyboard; name = Base; path = Base.lproj/Main.storyboard; sourceTree = "<group>"; };
		D165984820CDAA2700F24BC9 /* Assets.xcassets */ = {isa = PBXFileReference; lastKnownFileType = folder.assetcatalog; path = Assets.xcassets; sourceTree = "<group>"; };
		D165984B20CDAA2700F24BC9 /* Base */ = {isa = PBXFileReference; lastKnownFileType = file.storyboard; name = Base; path = Base.lproj/LaunchScreen.storyboard; sourceTree = "<group>"; };
		D165984D20CDAA2700F24BC9 /* Info.plist */ = {isa = PBXFileReference; lastKnownFileType = text.plist.xml; path = Info.plist; sourceTree = "<group>"; };
/* End PBXFileReference section */

/* Begin PBXFrameworksBuildPhase section */
		D165983B20CDAA2600F24BC9 /* Frameworks */ = {
			isa = PBXFrameworksBuildPhase;
			buildActionMask = 2147483647;
			files = (
			);
			runOnlyForDeploymentPostprocessing = 0;
		};
/* End PBXFrameworksBuildPhase section */

/* Begin PBXGroup section */
		D165983520CDAA2600F24BC9 = {
			isa = PBXGroup;
			children = (
				D165984020CDAA2600F24BC9 /* Moody_Updated */,
				D165983F20CDAA2600F24BC9 /* Products */,
			);
			sourceTree = "<group>";
		};
		D165983F20CDAA2600F24BC9 /* Products */ = {
			isa = PBXGroup;
			children = (
				D165983E20CDAA2600F24BC9 /* Moody_Updated.app */,
			);
			name = Products;
			sourceTree = "<group>";
		};
		D165984020CDAA2600F24BC9 /* Moody_Updated */ = {
			isa = PBXGroup;
			children = (
				D165984120CDAA2600F24BC9 /* AppDelegate.swift */,
				D165984320CDAA2600F24BC9 /* ViewController.swift */,
				D165984520CDAA2600F24BC9 /* Main.storyboard */,
				D165984820CDAA2700F24BC9 /* Assets.xcassets */,
				D165984A20CDAA2700F24BC9 /* LaunchScreen.storyboard */,
				D165984D20CDAA2700F24BC9 /* Info.plist */,
			);
			path = Moody_Updated;
			sourceTree = "<group>";
		};
/* End PBXGroup section */

/* Begin PBXNativeTarget section */
		D165983D20CDAA2600F24BC9 /* Moody_Updated */ = {
			isa = PBXNativeTarget;
			buildConfigurationList = D165985020CDAA2700F24BC9 /* Build configuration list for PBXNativeTarget "Moody_Updated" */;
			buildPhases = (
				D165983A20CDAA2600F24BC9 /* Sources */,
				D165983B20CDAA2600F24BC9 /* Frameworks */,
				D165983C20CDAA2600F24BC9 /* Resources */,
			);
			buildRules = (
			);
			dependencies = (
			);
			name = Moody_Updated;
			productName = Moody_Updated;
			productReference = D165983E20CDAA2600F24BC9 /* Moody_Updated.app */;
			productType = "com.apple.product-type.application";
		};
/* End PBXNativeTarget section */

/* Begin PBXProject section */
		D165983620CDAA2600F24BC9 /* Project object */ = {
			isa = PBXProject;
			attributes = {
				LastSwiftUpdateCheck = 0940;
				LastUpgradeCheck = 0940;
				ORGANIZATIONNAME = "Bhagat Singh";
				TargetAttributes = {
					D165983D20CDAA2600F24BC9 = {
						CreatedOnToolsVersion = 9.4;
					};
				};
			};
			buildConfigurationList = D165983920CDAA2600F24BC9 /* Build configuration list for PBXProject "Moody_Updated" */;
			compatibilityVersion = "Xcode 9.3";
			developmentRegion = en;
			hasScannedForEncodings = 0;
			knownRegions = (
				en,
				Base,
			);
			mainGroup = D165983520CDAA2600F24BC9;
			productRefGroup = D165983F20CDAA2600F24BC9 /* Products */;
			projectDirPath = "";
			projectRoot = "";
			targets = (
				D165983D20CDAA2600F24BC9 /* Moody_Updated */,
			);
		};
/* End PBXProject section */

/* Begin PBXResourcesBuildPhase section */
		D165983C20CDAA2600F24BC9 /* Resources */ = {
			isa = PBXResourcesBuildPhase;
			buildActionMask = 2147483647;
			files = (
				D165984C20CDAA2700F24BC9 /* LaunchScreen.storyboard in Resources */,
				D165984920CDAA2700F24BC9 /* Assets.xcassets in Resources */,
				D165984720CDAA2600F24BC9 /* Main.storyboard in Resources */,
			);
			runOnlyForDeploymentPostprocessing = 0;
		};
/* End PBXResourcesBuildPhase section */

/* Begin PBXSourcesBuildPhase section */
		D165983A20CDAA2600F24BC9 /* Sources */ = {
			isa = PBXSourcesBuildPhase;
			buildActionMask = 2147483647;
			files = (
				D165984420CDAA2600F24BC9 /* ViewController.swift in Sources */,
				D165984220CDAA2600F24BC9 /* AppDelegate.swift in Sources */,
			);
			runOnlyForDeploymentPostprocessing = 0;
		};
/* End PBXSourcesBuildPhase section */

/* Begin PBXVariantGroup section */
		D165984520CDAA2600F24BC9 /* Main.storyboard */ = {
			isa = PBXVariantGroup;
			children = (
				D165984620CDAA2600F24BC9 /* Base */,
			);
			name = Main.storyboard;
			sourceTree = "<group>";
		};
		D165984A20CDAA2700F24BC9 /* LaunchScreen.storyboard */ = {
			isa = PBXVariantGroup;
			children = (
				D165984B20CDAA2700F24BC9 /* Base */,
			);
			name = LaunchScreen.storyboard;
			sourceTree = "<group>";
		};
/* End PBXVariantGroup section */

/* Begin XCBuildConfiguration section */
		D165984E20CDAA2700F24BC9 /* Debug */ = {
			isa = XCBuildConfiguration;
			buildSettings = {
				ALWAYS_SEARCH_USER_PATHS = NO;
				CLANG_ANALYZER_NONNULL = YES;
				CLANG_ANALYZER_NUMBER_OBJECT_CONVERSION = YES_AGGRESSIVE;
				CLANG_CXX_LANGUAGE_STANDARD = "gnu++14";
				CLANG_CXX_LIBRARY = "libc++";
				CLANG_ENABLE_MODULES = YES;
				CLANG_ENABLE_OBJC_ARC = YES;
				CLANG_ENABLE_OBJC_WEAK = YES;
				CLANG_WARN_BLOCK_CAPTURE_AUTORELEASING = YES;
				CLANG_WARN_BOOL_CONVERSION = YES;
				CLANG_WARN_COMMA = YES;
				CLANG_WARN_CONSTANT_CONVERSION = YES;
				CLANG_WARN_DEPRECATED_OBJC_IMPLEMENTATIONS = YES;
				CLANG_WARN_DIRECT_OBJC_ISA_USAGE = YES_ERROR;
				CLANG_WARN_DOCUMENTATION_COMMENTS = YES;
				CLANG_WARN_EMPTY_BODY = YES;
				CLANG_WARN_ENUM_CONVERSION = YES;
				CLANG_WARN_INFINITE_RECURSION = YES;
				CLANG_WARN_INT_CONVERSION = YES;
				CLANG_WARN_NON_LITERAL_NULL_CONVERSION = YES;
				CLANG_WARN_OBJC_IMPLICIT_RETAIN_SELF = YES;
				CLANG_WARN_OBJC_LITERAL_CONVERSION = YES;
				CLANG_WARN_OBJC_ROOT_CLASS = YES_ERROR;
				CLANG_WARN_RANGE_LOOP_ANALYSIS = YES;
				CLANG_WARN_STRICT_PROTOTYPES = YES;
				CLANG_WARN_SUSPICIOUS_MOVE = YES;
				CLANG_WARN_UNGUARDED_AVAILABILITY = YES_AGGRESSIVE;
				CLANG_WARN_UNREACHABLE_CODE = YES;
				CLANG_WARN__DUPLICATE_METHOD_MATCH = YES;
				CODE_SIGN_IDENTITY = "iPhone Developer";
				COPY_PHASE_STRIP = NO;
				DEBUG_INFORMATION_FORMAT = dwarf;
				ENABLE_STRICT_OBJC_MSGSEND = YES;
				ENABLE_TESTABILITY = YES;
				GCC_C_LANGUAGE_STANDARD = gnu11;
				GCC_DYNAMIC_NO_PIC = NO;
				GCC_NO_COMMON_BLOCKS = YES;
				GCC_OPTIMIZATION_LEVEL = 0;
				GCC_PREPROCESSOR_DEFINITIONS = (
					"DEBUG=1",
					"$(inherited)",
				);
				GCC_WARN_64_TO_32_BIT_CONVERSION = YES;
				GCC_WARN_ABOUT_RETURN_TYPE = YES_ERROR;
				GCC_WARN_UNDECLARED_SELECTOR = YES;
				GCC_WARN_UNINITIALIZED_AUTOS = YES_AGGRESSIVE;
				GCC_WARN_UNUSED_FUNCTION = YES;
				GCC_WARN_UNUSED_VARIABLE = YES;
				IPHONEOS_DEPLOYMENT_TARGET = 11.4;
				MTL_ENABLE_DEBUG_INFO = YES;
				ONLY_ACTIVE_ARCH = YES;
				SDKROOT = iphoneos;
				SWIFT_ACTIVE_COMPILATION_CONDITIONS = DEBUG;
				SWIFT_OPTIMIZATION_LEVEL = "-Onone";
			};
			name = Debug;
		};
		D165984F20CDAA2700F24BC9 /* Release */ = {
			isa = XCBuildConfiguration;
			buildSettings = {
				ALWAYS_SEARCH_USER_PATHS = NO;
				CLANG_ANALYZER_NONNULL = YES;
				CLANG_ANALYZER_NUMBER_OBJECT_CONVERSION = YES_AGGRESSIVE;
				CLANG_CXX_LANGUAGE_STANDARD = "gnu++14";
				CLANG_CXX_LIBRARY = "libc++";
				CLANG_ENABLE_MODULES = YES;
				CLANG_ENABLE_OBJC_ARC = YES;
				CLANG_ENABLE_OBJC_WEAK = YES;
				CLANG_WARN_BLOCK_CAPTURE_AUTORELEASING = YES;
				CLANG_WARN_BOOL_CONVERSION = YES;
				CLANG_WARN_COMMA = YES;
				CLANG_WARN_CONSTANT_CONVERSION = YES;
				CLANG_WARN_DEPRECATED_OBJC_IMPLEMENTATIONS = YES;
				CLANG_WARN_DIRECT_OBJC_ISA_USAGE = YES_ERROR;
				CLANG_WARN_DOCUMENTATION_COMMENTS = YES;
				CLANG_WARN_EMPTY_BODY = YES;
				CLANG_WARN_ENUM_CONVERSION = YES;
				CLANG_WARN_INFINITE_RECURSION = YES;
				CLANG_WARN_INT_CONVERSION = YES;
				CLANG_WARN_NON_LITERAL_NULL_CONVERSION = YES;
				CLANG_WARN_OBJC_IMPLICIT_RETAIN_SELF = YES;
				CLANG_WARN_OBJC_LITERAL_CONVERSION = YES;
				CLANG_WARN_OBJC_ROOT_CLASS = YES_ERROR;
				CLANG_WARN_RANGE_LOOP_ANALYSIS = YES;
				CLANG_WARN_STRICT_PROTOTYPES = YES;
				CLANG_WARN_SUSPICIOUS_MOVE = YES;
				CLANG_WARN_UNGUARDED_AVAILABILITY = YES_AGGRESSIVE;
				CLANG_WARN_UNREACHABLE_CODE = YES;
				CLANG_WARN__DUPLICATE_METHOD_MATCH = YES;
				CODE_SIGN_IDENTITY = "iPhone Developer";
				COPY_PHASE_STRIP = NO;
				DEBUG_INFORMATION_FORMAT = "dwarf-with-dsym";
				ENABLE_NS_ASSERTIONS = NO;
				ENABLE_STRICT_OBJC_MSGSEND = YES;
				GCC_C_LANGUAGE_STANDARD = gnu11;
				GCC_NO_COMMON_BLOCKS = YES;
				GCC_WARN_64_TO_32_BIT_CONVERSION = YES;
				GCC_WARN_ABOUT_RETURN_TYPE = YES_ERROR;
				GCC_WARN_UNDECLARED_SELECTOR = YES;
				GCC_WARN_UNINITIALIZED_AUTOS = YES_AGGRESSIVE;
				GCC_WARN_UNUSED_FUNCTION = YES;
				GCC_WARN_UNUSED_VARIABLE = YES;
				IPHONEOS_DEPLOYMENT_TARGET = 11.4;
				MTL_ENABLE_DEBUG_INFO = NO;
				SDKROOT = iphoneos;
				SWIFT_COMPILATION_MODE = wholemodule;
				SWIFT_OPTIMIZATION_LEVEL = "-O";
				VALIDATE_PRODUCT = YES;
			};
			name = Release;
		};
		D165985120CDAA2700F24BC9 /* Debug */ = {
			isa = XCBuildConfiguration;
			buildSettings = {
				ASSETCATALOG_COMPILER_APPICON_NAME = AppIcon;
				CODE_SIGN_STYLE = Automatic;
				DEVELOPMENT_TEAM = VG36S3M9UZ;
				INFOPLIST_FILE = Moody_Updated/Info.plist;
				LD_RUNPATH_SEARCH_PATHS = (
					"$(inherited)",
					"@executable_path/Frameworks",
				);
				PRODUCT_BUNDLE_IDENTIFIER = "com.bhagatsingh.Moody-Updated";
				PRODUCT_NAME = "$(TARGET_NAME)";
				SWIFT_VERSION = 4.0;
				TARGETED_DEVICE_FAMILY = "1,2";
			};
			name = Debug;
		};
		D165985220CDAA2700F24BC9 /* Release */ = {
			isa = XCBuildConfiguration;
			buildSettings = {
				ASSETCATALOG_COMPILER_APPICON_NAME = AppIcon;
				CODE_SIGN_STYLE = Automatic;
				DEVELOPMENT_TEAM = VG36S3M9UZ;
				INFOPLIST_FILE = Moody_Updated/Info.plist;
				LD_RUNPATH_SEARCH_PATHS = (
					"$(inherited)",
					"@executable_path/Frameworks",
				);
				PRODUCT_BUNDLE_IDENTIFIER = "com.bhagatsingh.Moody-Updated";
				PRODUCT_NAME = "$(TARGET_NAME)";
				SWIFT_VERSION = 4.0;
				TARGETED_DEVICE_FAMILY = "1,2";
			};
			name = Release;
		};
/* End XCBuildConfiguration section */

/* Begin XCConfigurationList section */
		D165983920CDAA2600F24BC9 /* Build configuration list for PBXProject "Moody_Updated" */ = {
			isa = XCConfigurationList;
			buildConfigurations = (
				D165984E20CDAA2700F24BC9 /* Debug */,
				D165984F20CDAA2700F24BC9 /* Release */,
			);
			defaultConfigurationIsVisible = 0;
			defaultConfigurationName = Release;
		};
		D165985020CDAA2700F24BC9 /* Build configuration list for PBXNativeTarget "Moody_Updated" */ = {
			isa = XCConfigurationList;
			buildConfigurations = (
				D165985120CDAA2700F24BC9 /* Debug */,
				D165985220CDAA2700F24BC9 /* Release */,
			);
			defaultConfigurationIsVisible = 0;
			defaultConfigurationName = Release;
		};
/* End XCConfigurationList section */
	};
	rootObject = D165983620CDAA2600F24BC9 /* Project object */;
}
